// !$*UTF8*$!
{
	archiveVersion = 1;
	classes = {
	};
	objectVersion = 55;
	objects = {

/* Begin PBXBuildFile section */
		6CB25C0727838EED0086DEF0 /* overpassApp.swift in Sources */ = {isa = PBXBuildFile; fileRef = 6CB25C0627838EED0086DEF0 /* overpassApp.swift */; };
		6CB25C0927838EED0086DEF0 /* ContentView.swift in Sources */ = {isa = PBXBuildFile; fileRef = 6CB25C0827838EED0086DEF0 /* ContentView.swift */; };
		6CB25C0B27838EEF0086DEF0 /* Assets.xcassets in Resources */ = {isa = PBXBuildFile; fileRef = 6CB25C0A27838EEF0086DEF0 /* Assets.xcassets */; };
		6CB25C0E27838EEF0086DEF0 /* Preview Assets.xcassets in Resources */ = {isa = PBXBuildFile; fileRef = 6CB25C0D27838EEF0086DEF0 /* Preview Assets.xcassets */; };
		6CB25C1027838EEF0086DEF0 /* Persistence.swift in Sources */ = {isa = PBXBuildFile; fileRef = 6CB25C0F27838EEF0086DEF0 /* Persistence.swift */; };
		6CB25C1327838EEF0086DEF0 /* overpass.xcdatamodeld in Sources */ = {isa = PBXBuildFile; fileRef = 6CB25C1127838EEF0086DEF0 /* overpass.xcdatamodeld */; };
		6CB25C1D27838EEF0086DEF0 /* overpassTests.swift in Sources */ = {isa = PBXBuildFile; fileRef = 6CB25C1C27838EEF0086DEF0 /* overpassTests.swift */; };
		6CB25C2727838EEF0086DEF0 /* overpassUITests.swift in Sources */ = {isa = PBXBuildFile; fileRef = 6CB25C2627838EEF0086DEF0 /* overpassUITests.swift */; };
		6CB25C2927838EEF0086DEF0 /* overpassUITestsLaunchTests.swift in Sources */ = {isa = PBXBuildFile; fileRef = 6CB25C2827838EEF0086DEF0 /* overpassUITestsLaunchTests.swift */; };
/* End PBXBuildFile section */

/* Begin PBXContainerItemProxy section */
		6CB25C1927838EEF0086DEF0 /* PBXContainerItemProxy */ = {
			isa = PBXContainerItemProxy;
			containerPortal = 6CB25BFB27838EED0086DEF0 /* Project object */;
			proxyType = 1;
			remoteGlobalIDString = 6CB25C0227838EED0086DEF0;
			remoteInfo = overpass;
		};
		6CB25C2327838EEF0086DEF0 /* PBXContainerItemProxy */ = {
			isa = PBXContainerItemProxy;
			containerPortal = 6CB25BFB27838EED0086DEF0 /* Project object */;
			proxyType = 1;
			remoteGlobalIDString = 6CB25C0227838EED0086DEF0;
			remoteInfo = overpass;
		};
/* End PBXContainerItemProxy section */

/* Begin PBXFileReference section */
		6CB25C0327838EED0086DEF0 /* overpass.app */ = {isa = PBXFileReference; explicitFileType = wrapper.application; includeInIndex = 0; path = overpass.app; sourceTree = BUILT_PRODUCTS_DIR; };
		6CB25C0627838EED0086DEF0 /* overpassApp.swift */ = {isa = PBXFileReference; lastKnownFileType = sourcecode.swift; path = overpassApp.swift; sourceTree = "<group>"; };
		6CB25C0827838EED0086DEF0 /* ContentView.swift */ = {isa = PBXFileReference; lastKnownFileType = sourcecode.swift; path = ContentView.swift; sourceTree = "<group>"; };
		6CB25C0A27838EEF0086DEF0 /* Assets.xcassets */ = {isa = PBXFileReference; lastKnownFileType = folder.assetcatalog; path = Assets.xcassets; sourceTree = "<group>"; };
		6CB25C0D27838EEF0086DEF0 /* Preview Assets.xcassets */ = {isa = PBXFileReference; lastKnownFileType = folder.assetcatalog; path = "Preview Assets.xcassets"; sourceTree = "<group>"; };
		6CB25C0F27838EEF0086DEF0 /* Persistence.swift */ = {isa = PBXFileReference; lastKnownFileType = sourcecode.swift; path = Persistence.swift; sourceTree = "<group>"; };
		6CB25C1227838EEF0086DEF0 /* overpass.xcdatamodel */ = {isa = PBXFileReference; lastKnownFileType = wrapper.xcdatamodel; path = overpass.xcdatamodel; sourceTree = "<group>"; };
		6CB25C1827838EEF0086DEF0 /* overpassTests.xctest */ = {isa = PBXFileReference; explicitFileType = wrapper.cfbundle; includeInIndex = 0; path = overpassTests.xctest; sourceTree = BUILT_PRODUCTS_DIR; };
		6CB25C1C27838EEF0086DEF0 /* overpassTests.swift */ = {isa = PBXFileReference; lastKnownFileType = sourcecode.swift; path = overpassTests.swift; sourceTree = "<group>"; };
		6CB25C2227838EEF0086DEF0 /* overpassUITests.xctest */ = {isa = PBXFileReference; explicitFileType = wrapper.cfbundle; includeInIndex = 0; path = overpassUITests.xctest; sourceTree = BUILT_PRODUCTS_DIR; };
		6CB25C2627838EEF0086DEF0 /* overpassUITests.swift */ = {isa = PBXFileReference; lastKnownFileType = sourcecode.swift; path = overpassUITests.swift; sourceTree = "<group>"; };
		6CB25C2827838EEF0086DEF0 /* overpassUITestsLaunchTests.swift */ = {isa = PBXFileReference; lastKnownFileType = sourcecode.swift; path = overpassUITestsLaunchTests.swift; sourceTree = "<group>"; };
/* End PBXFileReference section */

/* Begin PBXFrameworksBuildPhase section */
		6CB25C0027838EED0086DEF0 /* Frameworks */ = {
			isa = PBXFrameworksBuildPhase;
			buildActionMask = 2147483647;
			files = (
			);
			runOnlyForDeploymentPostprocessing = 0;
		};
		6CB25C1527838EEF0086DEF0 /* Frameworks */ = {
			isa = PBXFrameworksBuildPhase;
			buildActionMask = 2147483647;
			files = (
			);
			runOnlyForDeploymentPostprocessing = 0;
		};
		6CB25C1F27838EEF0086DEF0 /* Frameworks */ = {
			isa = PBXFrameworksBuildPhase;
			buildActionMask = 2147483647;
			files = (
			);
			runOnlyForDeploymentPostprocessing = 0;
		};
/* End PBXFrameworksBuildPhase section */

/* Begin PBXGroup section */
		6CB25BFA27838EED0086DEF0 = {
			isa = PBXGroup;
			children = (
				6CB25C0527838EED0086DEF0 /* overpass */,
				6CB25C1B27838EEF0086DEF0 /* overpassTests */,
				6CB25C2527838EEF0086DEF0 /* overpassUITests */,
				6CB25C0427838EED0086DEF0 /* Products */,
			);
			sourceTree = "<group>";
		};
		6CB25C0427838EED0086DEF0 /* Products */ = {
			isa = PBXGroup;
			children = (
				6CB25C0327838EED0086DEF0 /* overpass.app */,
				6CB25C1827838EEF0086DEF0 /* overpassTests.xctest */,
				6CB25C2227838EEF0086DEF0 /* overpassUITests.xctest */,
			);
			name = Products;
			sourceTree = "<group>";
		};
		6CB25C0527838EED0086DEF0 /* overpass */ = {
			isa = PBXGroup;
			children = (
				6CB25C0627838EED0086DEF0 /* overpassApp.swift */,
				6CB25C0827838EED0086DEF0 /* ContentView.swift */,
				6CB25C0A27838EEF0086DEF0 /* Assets.xcassets */,
				6CB25C0F27838EEF0086DEF0 /* Persistence.swift */,
				6CB25C1127838EEF0086DEF0 /* overpass.xcdatamodeld */,
				6CB25C0C27838EEF0086DEF0 /* Preview Content */,
			);
			path = overpass;
			sourceTree = "<group>";
		};
		6CB25C0C27838EEF0086DEF0 /* Preview Content */ = {
			isa = PBXGroup;
			children = (
				6CB25C0D27838EEF0086DEF0 /* Preview Assets.xcassets */,
			);
			path = "Preview Content";
			sourceTree = "<group>";
		};
		6CB25C1B27838EEF0086DEF0 /* overpassTests */ = {
			isa = PBXGroup;
			children = (
				6CB25C1C27838EEF0086DEF0 /* overpassTests.swift */,
			);
			path = overpassTests;
			sourceTree = "<group>";
		};
		6CB25C2527838EEF0086DEF0 /* overpassUITests */ = {
			isa = PBXGroup;
			children = (
				6CB25C2627838EEF0086DEF0 /* overpassUITests.swift */,
				6CB25C2827838EEF0086DEF0 /* overpassUITestsLaunchTests.swift */,
			);
			path = overpassUITests;
			sourceTree = "<group>";
		};
/* End PBXGroup section */

/* Begin PBXNativeTarget section */
		6CB25C0227838EED0086DEF0 /* overpass */ = {
			isa = PBXNativeTarget;
			buildConfigurationList = 6CB25C2C27838EEF0086DEF0 /* Build configuration list for PBXNativeTarget "overpass" */;
			buildPhases = (
				6CB25BFF27838EED0086DEF0 /* Sources */,
				6CB25C0027838EED0086DEF0 /* Frameworks */,
				6CB25C0127838EED0086DEF0 /* Resources */,
			);
			buildRules = (
			);
			dependencies = (
			);
			name = overpass;
			productName = overpass;
			productReference = 6CB25C0327838EED0086DEF0 /* overpass.app */;
			productType = "com.apple.product-type.application";
		};
		6CB25C1727838EEF0086DEF0 /* overpassTests */ = {
			isa = PBXNativeTarget;
			buildConfigurationList = 6CB25C2F27838EEF0086DEF0 /* Build configuration list for PBXNativeTarget "overpassTests" */;
			buildPhases = (
				6CB25C1427838EEF0086DEF0 /* Sources */,
				6CB25C1527838EEF0086DEF0 /* Frameworks */,
				6CB25C1627838EEF0086DEF0 /* Resources */,
			);
			buildRules = (
			);
			dependencies = (
				6CB25C1A27838EEF0086DEF0 /* PBXTargetDependency */,
			);
			name = overpassTests;
			productName = overpassTests;
			productReference = 6CB25C1827838EEF0086DEF0 /* overpassTests.xctest */;
			productType = "com.apple.product-type.bundle.unit-test";
		};
		6CB25C2127838EEF0086DEF0 /* overpassUITests */ = {
			isa = PBXNativeTarget;
			buildConfigurationList = 6CB25C3227838EEF0086DEF0 /* Build configuration list for PBXNativeTarget "overpassUITests" */;
			buildPhases = (
				6CB25C1E27838EEF0086DEF0 /* Sources */,
				6CB25C1F27838EEF0086DEF0 /* Frameworks */,
				6CB25C2027838EEF0086DEF0 /* Resources */,
			);
			buildRules = (
			);
			dependencies = (
				6CB25C2427838EEF0086DEF0 /* PBXTargetDependency */,
			);
			name = overpassUITests;
			productName = overpassUITests;
			productReference = 6CB25C2227838EEF0086DEF0 /* overpassUITests.xctest */;
			productType = "com.apple.product-type.bundle.ui-testing";
		};
/* End PBXNativeTarget section */

/* Begin PBXProject section */
		6CB25BFB27838EED0086DEF0 /* Project object */ = {
			isa = PBXProject;
			attributes = {
				BuildIndependentTargetsInParallel = 1;
				LastSwiftUpdateCheck = 1320;
				LastUpgradeCheck = 1320;
				TargetAttributes = {
					6CB25C0227838EED0086DEF0 = {
						CreatedOnToolsVersion = 13.2.1;
					};
					6CB25C1727838EEF0086DEF0 = {
						CreatedOnToolsVersion = 13.2.1;
						TestTargetID = 6CB25C0227838EED0086DEF0;
					};
					6CB25C2127838EEF0086DEF0 = {
						CreatedOnToolsVersion = 13.2.1;
						TestTargetID = 6CB25C0227838EED0086DEF0;
					};
				};
			};
			buildConfigurationList = 6CB25BFE27838EED0086DEF0 /* Build configuration list for PBXProject "overpass" */;
			compatibilityVersion = "Xcode 13.0";
			developmentRegion = en;
			hasScannedForEncodings = 0;
			knownRegions = (
				en,
				Base,
			);
			mainGroup = 6CB25BFA27838EED0086DEF0;
			productRefGroup = 6CB25C0427838EED0086DEF0 /* Products */;
			projectDirPath = "";
			projectRoot = "";
			targets = (
				6CB25C0227838EED0086DEF0 /* overpass */,
				6CB25C1727838EEF0086DEF0 /* overpassTests */,
				6CB25C2127838EEF0086DEF0 /* overpassUITests */,
			);
		};
/* End PBXProject section */

/* Begin PBXResourcesBuildPhase section */
		6CB25C0127838EED0086DEF0 /* Resources */ = {
			isa = PBXResourcesBuildPhase;
			buildActionMask = 2147483647;
			files = (
				6CB25C0E27838EEF0086DEF0 /* Preview Assets.xcassets in Resources */,
				6CB25C0B27838EEF0086DEF0 /* Assets.xcassets in Resources */,
			);
			runOnlyForDeploymentPostprocessing = 0;
		};
		6CB25C1627838EEF0086DEF0 /* Resources */ = {
			isa = PBXResourcesBuildPhase;
			buildActionMask = 2147483647;
			files = (
			);
			runOnlyForDeploymentPostprocessing = 0;
		};
		6CB25C2027838EEF0086DEF0 /* Resources */ = {
			isa = PBXResourcesBuildPhase;
			buildActionMask = 2147483647;
			files = (
			);
			runOnlyForDeploymentPostprocessing = 0;
		};
/* End PBXResourcesBuildPhase section */

/* Begin PBXSourcesBuildPhase section */
		6CB25BFF27838EED0086DEF0 /* Sources */ = {
			isa = PBXSourcesBuildPhase;
			buildActionMask = 2147483647;
			files = (
				6CB25C1327838EEF0086DEF0 /* overpass.xcdatamodeld in Sources */,
				6CB25C1027838EEF0086DEF0 /* Persistence.swift in Sources */,
				6CB25C0927838EED0086DEF0 /* ContentView.swift in Sources */,
				6CB25C0727838EED0086DEF0 /* overpassApp.swift in Sources */,
			);
			runOnlyForDeploymentPostprocessing = 0;
		};
		6CB25C1427838EEF0086DEF0 /* Sources */ = {
			isa = PBXSourcesBuildPhase;
			buildActionMask = 2147483647;
			files = (
				6CB25C1D27838EEF0086DEF0 /* overpassTests.swift in Sources */,
			);
			runOnlyForDeploymentPostprocessing = 0;
		};
		6CB25C1E27838EEF0086DEF0 /* Sources */ = {
			isa = PBXSourcesBuildPhase;
			buildActionMask = 2147483647;
			files = (
				6CB25C2927838EEF0086DEF0 /* overpassUITestsLaunchTests.swift in Sources */,
				6CB25C2727838EEF0086DEF0 /* overpassUITests.swift in Sources */,
			);
			runOnlyForDeploymentPostprocessing = 0;
		};
/* End PBXSourcesBuildPhase section */

/* Begin PBXTargetDependency section */
		6CB25C1A27838EEF0086DEF0 /* PBXTargetDependency */ = {
			isa = PBXTargetDependency;
			target = 6CB25C0227838EED0086DEF0 /* overpass */;
			targetProxy = 6CB25C1927838EEF0086DEF0 /* PBXContainerItemProxy */;
		};
		6CB25C2427838EEF0086DEF0 /* PBXTargetDependency */ = {
			isa = PBXTargetDependency;
			target = 6CB25C0227838EED0086DEF0 /* overpass */;
			targetProxy = 6CB25C2327838EEF0086DEF0 /* PBXContainerItemProxy */;
		};
/* End PBXTargetDependency section */

/* Begin XCBuildConfiguration section */
		6CB25C2A27838EEF0086DEF0 /* Debug */ = {
			isa = XCBuildConfiguration;
			buildSettings = {
				ALWAYS_SEARCH_USER_PATHS = NO;
				CLANG_ANALYZER_NONNULL = YES;
				CLANG_ANALYZER_NUMBER_OBJECT_CONVERSION = YES_AGGRESSIVE;
				CLANG_CXX_LANGUAGE_STANDARD = "gnu++17";
				CLANG_CXX_LIBRARY = "libc++";
				CLANG_ENABLE_MODULES = YES;
				CLANG_ENABLE_OBJC_ARC = YES;
				CLANG_ENABLE_OBJC_WEAK = YES;
				CLANG_WARN_BLOCK_CAPTURE_AUTORELEASING = YES;
				CLANG_WARN_BOOL_CONVERSION = YES;
				CLANG_WARN_COMMA = YES;
				CLANG_WARN_CONSTANT_CONVERSION = YES;
				CLANG_WARN_DEPRECATED_OBJC_IMPLEMENTATIONS = YES;
				CLANG_WARN_DIRECT_OBJC_ISA_USAGE = YES_ERROR;
				CLANG_WARN_DOCUMENTATION_COMMENTS = YES;
				CLANG_WARN_EMPTY_BODY = YES;
				CLANG_WARN_ENUM_CONVERSION = YES;
				CLANG_WARN_INFINITE_RECURSION = YES;
				CLANG_WARN_INT_CONVERSION = YES;
				CLANG_WARN_NON_LITERAL_NULL_CONVERSION = YES;
				CLANG_WARN_OBJC_IMPLICIT_RETAIN_SELF = YES;
				CLANG_WARN_OBJC_LITERAL_CONVERSION = YES;
				CLANG_WARN_OBJC_ROOT_CLASS = YES_ERROR;
				CLANG_WARN_QUOTED_INCLUDE_IN_FRAMEWORK_HEADER = YES;
				CLANG_WARN_RANGE_LOOP_ANALYSIS = YES;
				CLANG_WARN_STRICT_PROTOTYPES = YES;
				CLANG_WARN_SUSPICIOUS_MOVE = YES;
				CLANG_WARN_UNGUARDED_AVAILABILITY = YES_AGGRESSIVE;
				CLANG_WARN_UNREACHABLE_CODE = YES;
				CLANG_WARN__DUPLICATE_METHOD_MATCH = YES;
				COPY_PHASE_STRIP = NO;
				DEBUG_INFORMATION_FORMAT = dwarf;
				ENABLE_STRICT_OBJC_MSGSEND = YES;
				ENABLE_TESTABILITY = YES;
				GCC_C_LANGUAGE_STANDARD = gnu11;
				GCC_DYNAMIC_NO_PIC = NO;
				GCC_NO_COMMON_BLOCKS = YES;
				GCC_OPTIMIZATION_LEVEL = 0;
				GCC_PREPROCESSOR_DEFINITIONS = (
					"DEBUG=1",
					"$(inherited)",
				);
				GCC_WARN_64_TO_32_BIT_CONVERSION = YES;
				GCC_WARN_ABOUT_RETURN_TYPE = YES_ERROR;
				GCC_WARN_UNDECLARED_SELECTOR = YES;
				GCC_WARN_UNINITIALIZED_AUTOS = YES_AGGRESSIVE;
				GCC_WARN_UNUSED_FUNCTION = YES;
				GCC_WARN_UNUSED_VARIABLE = YES;
				IPHONEOS_DEPLOYMENT_TARGET = 15.2;
				MTL_ENABLE_DEBUG_INFO = INCLUDE_SOURCE;
				MTL_FAST_MATH = YES;
				ONLY_ACTIVE_ARCH = YES;
				SDKROOT = iphoneos;
				SWIFT_ACTIVE_COMPILATION_CONDITIONS = DEBUG;
				SWIFT_OPTIMIZATION_LEVEL = "-Onone";
			};
			name = Debug;
		};
		6CB25C2B27838EEF0086DEF0 /* Release */ = {
			isa = XCBuildConfiguration;
			buildSettings = {
				ALWAYS_SEARCH_USER_PATHS = NO;
				CLANG_ANALYZER_NONNULL = YES;
				CLANG_ANALYZER_NUMBER_OBJECT_CONVERSION = YES_AGGRESSIVE;
				CLANG_CXX_LANGUAGE_STANDARD = "gnu++17";
				CLANG_CXX_LIBRARY = "libc++";
				CLANG_ENABLE_MODULES = YES;
				CLANG_ENABLE_OBJC_ARC = YES;
				CLANG_ENABLE_OBJC_WEAK = YES;
				CLANG_WARN_BLOCK_CAPTURE_AUTORELEASING = YES;
				CLANG_WARN_BOOL_CONVERSION = YES;
				CLANG_WARN_COMMA = YES;
				CLANG_WARN_CONSTANT_CONVERSION = YES;
				CLANG_WARN_DEPRECATED_OBJC_IMPLEMENTATIONS = YES;
				CLANG_WARN_DIRECT_OBJC_ISA_USAGE = YES_ERROR;
				CLANG_WARN_DOCUMENTATION_COMMENTS = YES;
				CLANG_WARN_EMPTY_BODY = YES;
				CLANG_WARN_ENUM_CONVERSION = YES;
				CLANG_WARN_INFINITE_RECURSION = YES;
				CLANG_WARN_INT_CONVERSION = YES;
				CLANG_WARN_NON_LITERAL_NULL_CONVERSION = YES;
				CLANG_WARN_OBJC_IMPLICIT_RETAIN_SELF = YES;
				CLANG_WARN_OBJC_LITERAL_CONVERSION = YES;
				CLANG_WARN_OBJC_ROOT_CLASS = YES_ERROR;
				CLANG_WARN_QUOTED_INCLUDE_IN_FRAMEWORK_HEADER = YES;
				CLANG_WARN_RANGE_LOOP_ANALYSIS = YES;
				CLANG_WARN_STRICT_PROTOTYPES = YES;
				CLANG_WARN_SUSPICIOUS_MOVE = YES;
				CLANG_WARN_UNGUARDED_AVAILABILITY = YES_AGGRESSIVE;
				CLANG_WARN_UNREACHABLE_CODE = YES;
				CLANG_WARN__DUPLICATE_METHOD_MATCH = YES;
				COPY_PHASE_STRIP = NO;
				DEBUG_INFORMATION_FORMAT = "dwarf-with-dsym";
				ENABLE_NS_ASSERTIONS = NO;
				ENABLE_STRICT_OBJC_MSGSEND = YES;
				GCC_C_LANGUAGE_STANDARD = gnu11;
				GCC_NO_COMMON_BLOCKS = YES;
				GCC_WARN_64_TO_32_BIT_CONVERSION = YES;
				GCC_WARN_ABOUT_RETURN_TYPE = YES_ERROR;
				GCC_WARN_UNDECLARED_SELECTOR = YES;
				GCC_WARN_UNINITIALIZED_AUTOS = YES_AGGRESSIVE;
				GCC_WARN_UNUSED_FUNCTION = YES;
				GCC_WARN_UNUSED_VARIABLE = YES;
				IPHONEOS_DEPLOYMENT_TARGET = 15.2;
				MTL_ENABLE_DEBUG_INFO = NO;
				MTL_FAST_MATH = YES;
				SDKROOT = iphoneos;
				SWIFT_COMPILATION_MODE = wholemodule;
				SWIFT_OPTIMIZATION_LEVEL = "-O";
				VALIDATE_PRODUCT = YES;
			};
			name = Release;
		};
		6CB25C2D27838EEF0086DEF0 /* Debug */ = {
			isa = XCBuildConfiguration;
			buildSettings = {
				ASSETCATALOG_COMPILER_APPICON_NAME = AppIcon;
				ASSETCATALOG_COMPILER_GLOBAL_ACCENT_COLOR_NAME = AccentColor;
				CODE_SIGN_STYLE = Automatic;
				CURRENT_PROJECT_VERSION = 1;
				DEVELOPMENT_ASSET_PATHS = "\"overpass/Preview Content\"";
				DEVELOPMENT_TEAM = EX6456FA66;
				ENABLE_PREVIEWS = YES;
				GENERATE_INFOPLIST_FILE = YES;
				INFOPLIST_KEY_UIApplicationSceneManifest_Generation = YES;
				INFOPLIST_KEY_UIApplicationSupportsIndirectInputEvents = YES;
				INFOPLIST_KEY_UILaunchScreen_Generation = YES;
				INFOPLIST_KEY_UISupportedInterfaceOrientations_iPad = "UIInterfaceOrientationPortrait UIInterfaceOrientationPortraitUpsideDown UIInterfaceOrientationLandscapeLeft UIInterfaceOrientationLandscapeRight";
				INFOPLIST_KEY_UISupportedInterfaceOrientations_iPhone = "UIInterfaceOrientationPortrait UIInterfaceOrientationLandscapeLeft UIInterfaceOrientationLandscapeRight";
				LD_RUNPATH_SEARCH_PATHS = (
					"$(inherited)",
					"@executable_path/Frameworks",
				);
				MARKETING_VERSION = 1.0;
				PRODUCT_BUNDLE_IDENTIFIER = com.electrazoom.overpass;
				PRODUCT_NAME = "$(TARGET_NAME)";
				SWIFT_EMIT_LOC_STRINGS = YES;
				SWIFT_VERSION = 5.0;
				TARGETED_DEVICE_FAMILY = "1,2";
			};
			name = Debug;
		};
		6CB25C2E27838EEF0086DEF0 /* Release */ = {
			isa = XCBuildConfiguration;
			buildSettings = {
				ASSETCATALOG_COMPILER_APPICON_NAME = AppIcon;
				ASSETCATALOG_COMPILER_GLOBAL_ACCENT_COLOR_NAME = AccentColor;
				CODE_SIGN_STYLE = Automatic;
				CURRENT_PROJECT_VERSION = 1;
				DEVELOPMENT_ASSET_PATHS = "\"overpass/Preview Content\"";
				DEVELOPMENT_TEAM = EX6456FA66;
				ENABLE_PREVIEWS = YES;
				GENERATE_INFOPLIST_FILE = YES;
				INFOPLIST_KEY_UIApplicationSceneManifest_Generation = YES;
				INFOPLIST_KEY_UIApplicationSupportsIndirectInputEvents = YES;
				INFOPLIST_KEY_UILaunchScreen_Generation = YES;
				INFOPLIST_KEY_UISupportedInterfaceOrientations_iPad = "UIInterfaceOrientationPortrait UIInterfaceOrientationPortraitUpsideDown UIInterfaceOrientationLandscapeLeft UIInterfaceOrientationLandscapeRight";
				INFOPLIST_KEY_UISupportedInterfaceOrientations_iPhone = "UIInterfaceOrientationPortrait UIInterfaceOrientationLandscapeLeft UIInterfaceOrientationLandscapeRight";
				LD_RUNPATH_SEARCH_PATHS = (
					"$(inherited)",
					"@executable_path/Frameworks",
				);
				MARKETING_VERSION = 1.0;
				PRODUCT_BUNDLE_IDENTIFIER = com.electrazoom.overpass;
				PRODUCT_NAME = "$(TARGET_NAME)";
				SWIFT_EMIT_LOC_STRINGS = YES;
				SWIFT_VERSION = 5.0;
				TARGETED_DEVICE_FAMILY = "1,2";
			};
			name = Release;
		};
		6CB25C3027838EEF0086DEF0 /* Debug */ = {
			isa = XCBuildConfiguration;
			buildSettings = {
				ALWAYS_EMBED_SWIFT_STANDARD_LIBRARIES = YES;
				BUNDLE_LOADER = "$(TEST_HOST)";
				CODE_SIGN_STYLE = Automatic;
				CURRENT_PROJECT_VERSION = 1;
				DEVELOPMENT_TEAM = EX6456FA66;
				GENERATE_INFOPLIST_FILE = YES;
				IPHONEOS_DEPLOYMENT_TARGET = 15.2;
				MARKETING_VERSION = 1.0;
				PRODUCT_BUNDLE_IDENTIFIER = com.electrazoom.overpassTests;
				PRODUCT_NAME = "$(TARGET_NAME)";
				SWIFT_EMIT_LOC_STRINGS = NO;
				SWIFT_VERSION = 5.0;
				TARGETED_DEVICE_FAMILY = "1,2";
				TEST_HOST = "$(BUILT_PRODUCTS_DIR)/overpass.app/overpass";
			};
			name = Debug;
		};
		6CB25C3127838EEF0086DEF0 /* Release */ = {
			isa = XCBuildConfiguration;
			buildSettings = {
				ALWAYS_EMBED_SWIFT_STANDARD_LIBRARIES = YES;
				BUNDLE_LOADER = "$(TEST_HOST)";
				CODE_SIGN_STYLE = Automatic;
				CURRENT_PROJECT_VERSION = 1;
				DEVELOPMENT_TEAM = EX6456FA66;
				GENERATE_INFOPLIST_FILE = YES;
				IPHONEOS_DEPLOYMENT_TARGET = 15.2;
				MARKETING_VERSION = 1.0;
				PRODUCT_BUNDLE_IDENTIFIER = com.electrazoom.overpassTests;
				PRODUCT_NAME = "$(TARGET_NAME)";
				SWIFT_EMIT_LOC_STRINGS = NO;
				SWIFT_VERSION = 5.0;
				TARGETED_DEVICE_FAMILY = "1,2";
				TEST_HOST = "$(BUILT_PRODUCTS_DIR)/overpass.app/overpass";
			};
			name = Release;
		};
		6CB25C3327838EEF0086DEF0 /* Debug */ = {
			isa = XCBuildConfiguration;
			buildSettings = {
				ALWAYS_EMBED_SWIFT_STANDARD_LIBRARIES = YES;
				CODE_SIGN_STYLE = Automatic;
				CURRENT_PROJECT_VERSION = 1;
				DEVELOPMENT_TEAM = EX6456FA66;
				GENERATE_INFOPLIST_FILE = YES;
				MARKETING_VERSION = 1.0;
				PRODUCT_BUNDLE_IDENTIFIER = com.electrazoom.overpassUITests;
				PRODUCT_NAME = "$(TARGET_NAME)";
				SWIFT_EMIT_LOC_STRINGS = NO;
				SWIFT_VERSION = 5.0;
				TARGETED_DEVICE_FAMILY = "1,2";
				TEST_TARGET_NAME = overpass;
			};
			name = Debug;
		};
		6CB25C3427838EEF0086DEF0 /* Release */ = {
			isa = XCBuildConfiguration;
			buildSettings = {
				ALWAYS_EMBED_SWIFT_STANDARD_LIBRARIES = YES;
				CODE_SIGN_STYLE = Automatic;
				CURRENT_PROJECT_VERSION = 1;
				DEVELOPMENT_TEAM = EX6456FA66;
				GENERATE_INFOPLIST_FILE = YES;
				MARKETING_VERSION = 1.0;
				PRODUCT_BUNDLE_IDENTIFIER = com.electrazoom.overpassUITests;
				PRODUCT_NAME = "$(TARGET_NAME)";
				SWIFT_EMIT_LOC_STRINGS = NO;
				SWIFT_VERSION = 5.0;
				TARGETED_DEVICE_FAMILY = "1,2";
				TEST_TARGET_NAME = overpass;
			};
			name = Release;
		};
/* End XCBuildConfiguration section */

/* Begin XCConfigurationList section */
		6CB25BFE27838EED0086DEF0 /* Build configuration list for PBXProject "overpass" */ = {
			isa = XCConfigurationList;
			buildConfigurations = (
				6CB25C2A27838EEF0086DEF0 /* Debug */,
				6CB25C2B27838EEF0086DEF0 /* Release */,
			);
			defaultConfigurationIsVisible = 0;
			defaultConfigurationName = Release;
		};
		6CB25C2C27838EEF0086DEF0 /* Build configuration list for PBXNativeTarget "overpass" */ = {
			isa = XCConfigurationList;
			buildConfigurations = (
				6CB25C2D27838EEF0086DEF0 /* Debug */,
				6CB25C2E27838EEF0086DEF0 /* Release */,
			);
			defaultConfigurationIsVisible = 0;
			defaultConfigurationName = Release;
		};
		6CB25C2F27838EEF0086DEF0 /* Build configuration list for PBXNativeTarget "overpassTests" */ = {
			isa = XCConfigurationList;
			buildConfigurations = (
				6CB25C3027838EEF0086DEF0 /* Debug */,
				6CB25C3127838EEF0086DEF0 /* Release */,
			);
			defaultConfigurationIsVisible = 0;
			defaultConfigurationName = Release;
		};
		6CB25C3227838EEF0086DEF0 /* Build configuration list for PBXNativeTarget "overpassUITests" */ = {
			isa = XCConfigurationList;
			buildConfigurations = (
				6CB25C3327838EEF0086DEF0 /* Debug */,
				6CB25C3427838EEF0086DEF0 /* Release */,
			);
			defaultConfigurationIsVisible = 0;
			defaultConfigurationName = Release;
		};
/* End XCConfigurationList section */

/* Begin XCVersionGroup section */
		6CB25C1127838EEF0086DEF0 /* overpass.xcdatamodeld */ = {
			isa = XCVersionGroup;
			children = (
				6CB25C1227838EEF0086DEF0 /* overpass.xcdatamodel */,
			);
			currentVersion = 6CB25C1227838EEF0086DEF0 /* overpass.xcdatamodel */;
			path = overpass.xcdatamodeld;
			sourceTree = "<group>";
			versionGroupType = wrapper.xcdatamodel;
		};
/* End XCVersionGroup section */
	};
	rootObject = 6CB25BFB27838EED0086DEF0 /* Project object */;
}
